
Microsoft Visual Studio Solution File, Format Version 12.00
# Visual Studio Version 17
VisualStudioVersion = 17.6.33829.357
MinimumVisualStudioVersion = 10.0.40219.1
Project("{FAE04EC0-301F-11D3-BF4B-00C04F79EFBC}") = "reference", "reference.csproj", "{28CFC897-9042-469E-89BE-B7268353A323}"
EndProject
Global
	GlobalSection(SolutionConfigurationPlatforms) = preSolution
		Debug|Any CPU = Debug|Any CPU
		Release|Any CPU = Release|Any CPU
	EndGlobalSection
	GlobalSection(ProjectConfigurationPlatforms) = postSolution
		{28CFC897-9042-469E-89BE-B7268353A323}.Debug|Any CPU.ActiveCfg = Debug|Any CPU
		{28CFC897-9042-469E-89BE-B7268353A323}.Debug|Any CPU.Build.0 = Debug|Any CPU
		{28CFC897-9042-469E-89BE-B7268353A323}.Release|Any CPU.ActiveCfg = Release|Any CPU
		{28CFC897-9042-469E-89BE-B7268353A323}.Release|Any CPU.Build.0 = Release|Any CPU
	EndGlobalSection
	GlobalSection(SolutionProperties) = preSolution
		HideSolutionNode = FALSE
	EndGlobalSection
	GlobalSection(ExtensibilityGlobals) = postSolution
		SolutionGuid = {04622ADE-031E-437D-8991-4BB21D8DA460}
	EndGlobalSection
EndGlobal
