
Microsoft Visual Studio Solution File, Format Version 12.00
# Visual Studio Version 17
VisualStudioVersion = 17.6.33829.357
MinimumVisualStudioVersion = 10.0.40219.1
Project("{FAE04EC0-301F-11D3-BF4B-00C04F79EFBC}") = "c# practice", "c# practice.csproj", "{277CC228-DC1A-4472-AC6B-8713FB1E2469}"
EndProject
Global
	GlobalSection(SolutionConfigurationPlatforms) = preSolution
		Debug|Any CPU = Debug|Any CPU
		Release|Any CPU = Release|Any CPU
	EndGlobalSection
	GlobalSection(ProjectConfigurationPlatforms) = postSolution
		{277CC228-DC1A-4472-AC6B-8713FB1E2469}.Debug|Any CPU.ActiveCfg = Debug|Any CPU
		{277CC228-DC1A-4472-AC6B-8713FB1E2469}.Debug|Any CPU.Build.0 = Debug|Any CPU
		{277CC228-DC1A-4472-AC6B-8713FB1E2469}.Release|Any CPU.ActiveCfg = Release|Any CPU
		{277CC228-DC1A-4472-AC6B-8713FB1E2469}.Release|Any CPU.Build.0 = Release|Any CPU
	EndGlobalSection
	GlobalSection(SolutionProperties) = preSolution
		HideSolutionNode = FALSE
	EndGlobalSection
	GlobalSection(ExtensibilityGlobals) = postSolution
		SolutionGuid = {5D0DCC9F-829B-4AF4-A478-EFC8F1DA2983}
	EndGlobalSection
EndGlobal
